
Microsoft Visual Studio Solution File, Format Version 12.00
# Visual Studio Version 17
VisualStudioVersion = 17.4.33213.308
MinimumVisualStudioVersion = 10.0.40219.1
Project("{FAE04EC0-301F-11D3-BF4B-00C04F79EFBC}") = "lab6-10", "lab6-10\lab6-10.csproj", "{DB2CA859-1D6E-4615-AE69-D7C249178B49}"
EndProject
Global
	GlobalSection(SolutionConfigurationPlatforms) = preSolution
		Debug|Any CPU = Debug|Any CPU
		Release|Any CPU = Release|Any CPU
	EndGlobalSection
	GlobalSection(ProjectConfigurationPlatforms) = postSolution
		{DB2CA859-1D6E-4615-AE69-D7C249178B49}.Debug|Any CPU.ActiveCfg = Debug|Any CPU
		{DB2CA859-1D6E-4615-AE69-D7C249178B49}.Debug|Any CPU.Build.0 = Debug|Any CPU
		{DB2CA859-1D6E-4615-AE69-D7C249178B49}.Release|Any CPU.ActiveCfg = Release|Any CPU
		{DB2CA859-1D6E-4615-AE69-D7C249178B49}.Release|Any CPU.Build.0 = Release|Any CPU
	EndGlobalSection
	GlobalSection(SolutionProperties) = preSolution
		HideSolutionNode = FALSE
	EndGlobalSection
	GlobalSection(ExtensibilityGlobals) = postSolution
		SolutionGuid = {E6F95F4F-ED6F-4FC2-90C8-37FABA9D67B5}
	EndGlobalSection
EndGlobal
